
Microsoft Visual Studio Solution File, Format Version 12.00
Project("{FAE04EC0-301F-11D3-BF4B-00C04F79EFBC}") = "MathProblem", "MathProblem\MathProblem.csproj", "{BBD5765B-0434-4C42-96F7-886F6BDC4598}"
EndProject
Global
	GlobalSection(SolutionConfigurationPlatforms) = preSolution
		Debug|Any CPU = Debug|Any CPU
		Release|Any CPU = Release|Any CPU
	EndGlobalSection
	GlobalSection(ProjectConfigurationPlatforms) = postSolution
		{BBD5765B-0434-4C42-96F7-886F6BDC4598}.Debug|Any CPU.ActiveCfg = Debug|Any CPU
		{BBD5765B-0434-4C42-96F7-886F6BDC4598}.Debug|Any CPU.Build.0 = Debug|Any CPU
		{BBD5765B-0434-4C42-96F7-886F6BDC4598}.Release|Any CPU.ActiveCfg = Release|Any CPU
		{BBD5765B-0434-4C42-96F7-886F6BDC4598}.Release|Any CPU.Build.0 = Release|Any CPU
	EndGlobalSection
EndGlobal
