
Microsoft Visual Studio Solution File, Format Version 12.00
Project("{FAE04EC0-301F-11D3-BF4B-00C04F79EFBC}") = "hw05", "hw05\hw05.csproj", "{B8B01937-C7A8-4A18-9C72-107EFDAF5A60}"
EndProject
Global
	GlobalSection(SolutionConfigurationPlatforms) = preSolution
		Debug|Any CPU = Debug|Any CPU
		Release|Any CPU = Release|Any CPU
	EndGlobalSection
	GlobalSection(ProjectConfigurationPlatforms) = postSolution
		{B8B01937-C7A8-4A18-9C72-107EFDAF5A60}.Debug|Any CPU.ActiveCfg = Debug|Any CPU
		{B8B01937-C7A8-4A18-9C72-107EFDAF5A60}.Debug|Any CPU.Build.0 = Debug|Any CPU
		{B8B01937-C7A8-4A18-9C72-107EFDAF5A60}.Release|Any CPU.ActiveCfg = Release|Any CPU
		{B8B01937-C7A8-4A18-9C72-107EFDAF5A60}.Release|Any CPU.Build.0 = Release|Any CPU
	EndGlobalSection
EndGlobal
